
Microsoft Visual Studio Solution File, Format Version 12.00
# Visual Studio Version 16
VisualStudioVersion = 16.0.30114.105
MinimumVisualStudioVersion = 10.0.40219.1
Project("{FAE04EC0-301F-11D3-BF4B-00C04F79EFBC}") = "GildedRose", "GildedRose\GildedRose.csproj", "{3A03DAE1-C6FD-489A-ACB2-B75E09F2B200}"
EndProject
Project("{FAE04EC0-301F-11D3-BF4B-00C04F79EFBC}") = "GildedRose.Tests", "GildedRose.Tests\GildedRose.Tests.csproj", "{E9D62779-EC4F-4ED8-B837-1FAD208AE54C}"
EndProject
Global
	GlobalSection(SolutionConfigurationPlatforms) = preSolution
		Debug|Any CPU = Debug|Any CPU
		Debug|x64 = Debug|x64
		Debug|x86 = Debug|x86
		Release|Any CPU = Release|Any CPU
		Release|x64 = Release|x64
		Release|x86 = Release|x86
	EndGlobalSection
	GlobalSection(SolutionProperties) = preSolution
		HideSolutionNode = FALSE
	EndGlobalSection
	GlobalSection(ProjectConfigurationPlatforms) = postSolution
		{3A03DAE1-C6FD-489A-ACB2-B75E09F2B200}.Debug|Any CPU.ActiveCfg = Debug|Any CPU
		{3A03DAE1-C6FD-489A-ACB2-B75E09F2B200}.Debug|Any CPU.Build.0 = Debug|Any CPU
		{3A03DAE1-C6FD-489A-ACB2-B75E09F2B200}.Debug|x64.ActiveCfg = Debug|Any CPU
		{3A03DAE1-C6FD-489A-ACB2-B75E09F2B200}.Debug|x64.Build.0 = Debug|Any CPU
		{3A03DAE1-C6FD-489A-ACB2-B75E09F2B200}.Debug|x86.ActiveCfg = Debug|Any CPU
		{3A03DAE1-C6FD-489A-ACB2-B75E09F2B200}.Debug|x86.Build.0 = Debug|Any CPU
		{3A03DAE1-C6FD-489A-ACB2-B75E09F2B200}.Release|Any CPU.ActiveCfg = Release|Any CPU
		{3A03DAE1-C6FD-489A-ACB2-B75E09F2B200}.Release|Any CPU.Build.0 = Release|Any CPU
		{3A03DAE1-C6FD-489A-ACB2-B75E09F2B200}.Release|x64.ActiveCfg = Release|Any CPU
		{3A03DAE1-C6FD-489A-ACB2-B75E09F2B200}.Release|x64.Build.0 = Release|Any CPU
		{3A03DAE1-C6FD-489A-ACB2-B75E09F2B200}.Release|x86.ActiveCfg = Release|Any CPU
		{3A03DAE1-C6FD-489A-ACB2-B75E09F2B200}.Release|x86.Build.0 = Release|Any CPU
		{E9D62779-EC4F-4ED8-B837-1FAD208AE54C}.Debug|Any CPU.ActiveCfg = Debug|Any CPU
		{E9D62779-EC4F-4ED8-B837-1FAD208AE54C}.Debug|Any CPU.Build.0 = Debug|Any CPU
		{E9D62779-EC4F-4ED8-B837-1FAD208AE54C}.Debug|x64.ActiveCfg = Debug|Any CPU
		{E9D62779-EC4F-4ED8-B837-1FAD208AE54C}.Debug|x64.Build.0 = Debug|Any CPU
		{E9D62779-EC4F-4ED8-B837-1FAD208AE54C}.Debug|x86.ActiveCfg = Debug|Any CPU
		{E9D62779-EC4F-4ED8-B837-1FAD208AE54C}.Debug|x86.Build.0 = Debug|Any CPU
		{E9D62779-EC4F-4ED8-B837-1FAD208AE54C}.Release|Any CPU.ActiveCfg = Release|Any CPU
		{E9D62779-EC4F-4ED8-B837-1FAD208AE54C}.Release|Any CPU.Build.0 = Release|Any CPU
		{E9D62779-EC4F-4ED8-B837-1FAD208AE54C}.Release|x64.ActiveCfg = Release|Any CPU
		{E9D62779-EC4F-4ED8-B837-1FAD208AE54C}.Release|x64.Build.0 = Release|Any CPU
		{E9D62779-EC4F-4ED8-B837-1FAD208AE54C}.Release|x86.ActiveCfg = Release|Any CPU
		{E9D62779-EC4F-4ED8-B837-1FAD208AE54C}.Release|x86.Build.0 = Release|Any CPU
	EndGlobalSection
EndGlobal
